// !$*UTF8*$!
{
	archiveVersion = 1;
	classes = {
	};
	objectVersion = 46;
	objects = {

/* Begin PBXBuildFile section */
		D3A41AC01EC414680012D381 /* main.m in Sources */ = {isa = PBXBuildFile; fileRef = D3A41ABF1EC414680012D381 /* main.m */; };
		D3A41AC31EC414680012D381 /* AppDelegate.m in Sources */ = {isa = PBXBuildFile; fileRef = D3A41AC21EC414680012D381 /* AppDelegate.m */; };
		D3A41AC61EC414680012D381 /* ViewController.m in Sources */ = {isa = PBXBuildFile; fileRef = D3A41AC51EC414680012D381 /* ViewController.m */; };
		D3A41AC91EC414680012D381 /* Main.storyboard in Resources */ = {isa = PBXBuildFile; fileRef = D3A41AC71EC414680012D381 /* Main.storyboard */; };
		D3A41ACB1EC414680012D381 /* Assets.xcassets in Resources */ = {isa = PBXBuildFile; fileRef = D3A41ACA1EC414680012D381 /* Assets.xcassets */; };
		D3A41ACE1EC414680012D381 /* LaunchScreen.storyboard in Resources */ = {isa = PBXBuildFile; fileRef = D3A41ACC1EC414680012D381 /* LaunchScreen.storyboard */; };
/* End PBXBuildFile section */

/* Begin PBXFileReference section */
		D3A41ABB1EC414680012D381 /* TableView_TextView动态输入.app */ = {isa = PBXFileReference; explicitFileType = wrapper.application; includeInIndex = 0; path = "TableView_TextView动态输入.app"; sourceTree = BUILT_PRODUCTS_DIR; };
		D3A41ABF1EC414680012D381 /* main.m */ = {isa = PBXFileReference; lastKnownFileType = sourcecode.c.objc; path = main.m; sourceTree = "<group>"; };
		D3A41AC11EC414680012D381 /* AppDelegate.h */ = {isa = PBXFileReference; lastKnownFileType = sourcecode.c.h; path = AppDelegate.h; sourceTree = "<group>"; };
		D3A41AC21EC414680012D381 /* AppDelegate.m */ = {isa = PBXFileReference; lastKnownFileType = sourcecode.c.objc; path = AppDelegate.m; sourceTree = "<group>"; };
		D3A41AC41EC414680012D381 /* ViewController.h */ = {isa = PBXFileReference; lastKnownFileType = sourcecode.c.h; path = ViewController.h; sourceTree = "<group>"; };
		D3A41AC51EC414680012D381 /* ViewController.m */ = {isa = PBXFileReference; lastKnownFileType = sourcecode.c.objc; path = ViewController.m; sourceTree = "<group>"; };
		D3A41AC81EC414680012D381 /* Base */ = {isa = PBXFileReference; lastKnownFileType = file.storyboard; name = Base; path = Base.lproj/Main.storyboard; sourceTree = "<group>"; };
		D3A41ACA1EC414680012D381 /* Assets.xcassets */ = {isa = PBXFileReference; lastKnownFileType = folder.assetcatalog; path = Assets.xcassets; sourceTree = "<group>"; };
		D3A41ACD1EC414680012D381 /* Base */ = {isa = PBXFileReference; lastKnownFileType = file.storyboard; name = Base; path = Base.lproj/LaunchScreen.storyboard; sourceTree = "<group>"; };
		D3A41ACF1EC414680012D381 /* Info.plist */ = {isa = PBXFileReference; lastKnownFileType = text.plist.xml; path = Info.plist; sourceTree = "<group>"; };
/* End PBXFileReference section */

/* Begin PBXFrameworksBuildPhase section */
		D3A41AB81EC414680012D381 /* Frameworks */ = {
			isa = PBXFrameworksBuildPhase;
			buildActionMask = 2147483647;
			files = (
			);
			runOnlyForDeploymentPostprocessing = 0;
		};
/* End PBXFrameworksBuildPhase section */

/* Begin PBXGroup section */
		D3A41AB21EC414680012D381 = {
			isa = PBXGroup;
			children = (
				D3A41ABD1EC414680012D381 /* TableView_TextView动态输入 */,
				D3A41ABC1EC414680012D381 /* Products */,
			);
			sourceTree = "<group>";
		};
		D3A41ABC1EC414680012D381 /* Products */ = {
			isa = PBXGroup;
			children = (
				D3A41ABB1EC414680012D381 /* TableView_TextView动态输入.app */,
			);
			name = Products;
			sourceTree = "<group>";
		};
		D3A41ABD1EC414680012D381 /* TableView_TextView动态输入 */ = {
			isa = PBXGroup;
			children = (
				D3A41AC11EC414680012D381 /* AppDelegate.h */,
				D3A41AC21EC414680012D381 /* AppDelegate.m */,
				D3A41AC41EC414680012D381 /* ViewController.h */,
				D3A41AC51EC414680012D381 /* ViewController.m */,
				D3A41AC71EC414680012D381 /* Main.storyboard */,
				D3A41ACA1EC414680012D381 /* Assets.xcassets */,
				D3A41ACC1EC414680012D381 /* LaunchScreen.storyboard */,
				D3A41ACF1EC414680012D381 /* Info.plist */,
				D3A41ABE1EC414680012D381 /* Supporting Files */,
			);
			path = "TableView_TextView动态输入";
			sourceTree = "<group>";
		};
		D3A41ABE1EC414680012D381 /* Supporting Files */ = {
			isa = PBXGroup;
			children = (
				D3A41ABF1EC414680012D381 /* main.m */,
			);
			name = "Supporting Files";
			sourceTree = "<group>";
		};
/* End PBXGroup section */

/* Begin PBXNativeTarget section */
		D3A41ABA1EC414680012D381 /* TableView_TextView动态输入 */ = {
			isa = PBXNativeTarget;
			buildConfigurationList = D3A41AD21EC414680012D381 /* Build configuration list for PBXNativeTarget "TableView_TextView动态输入" */;
			buildPhases = (
				D3A41AB71EC414680012D381 /* Sources */,
				D3A41AB81EC414680012D381 /* Frameworks */,
				D3A41AB91EC414680012D381 /* Resources */,
			);
			buildRules = (
			);
			dependencies = (
			);
			name = "TableView_TextView动态输入";
			productName = "TableView_TextView动态输入";
			productReference = D3A41ABB1EC414680012D381 /* TableView_TextView动态输入.app */;
			productType = "com.apple.product-type.application";
		};
/* End PBXNativeTarget section */

/* Begin PBXProject section */
		D3A41AB31EC414680012D381 /* Project object */ = {
			isa = PBXProject;
			attributes = {
				LastUpgradeCheck = 0820;
				ORGANIZATIONNAME = okdeer;
				TargetAttributes = {
					D3A41ABA1EC414680012D381 = {
						CreatedOnToolsVersion = 8.2.1;
						DevelopmentTeam = W222R58V26;
						ProvisioningStyle = Automatic;
					};
				};
			};
			buildConfigurationList = D3A41AB61EC414680012D381 /* Build configuration list for PBXProject "TableView_TextView动态输入" */;
			compatibilityVersion = "Xcode 3.2";
			developmentRegion = English;
			hasScannedForEncodings = 0;
			knownRegions = (
				en,
				Base,
			);
			mainGroup = D3A41AB21EC414680012D381;
			productRefGroup = D3A41ABC1EC414680012D381 /* Products */;
			projectDirPath = "";
			projectRoot = "";
			targets = (
				D3A41ABA1EC414680012D381 /* TableView_TextView动态输入 */,
			);
		};
/* End PBXProject section */

/* Begin PBXResourcesBuildPhase section */
		D3A41AB91EC414680012D381 /* Resources */ = {
			isa = PBXResourcesBuildPhase;
			buildActionMask = 2147483647;
			files = (
				D3A41ACE1EC414680012D381 /* LaunchScreen.storyboard in Resources */,
				D3A41ACB1EC414680012D381 /* Assets.xcassets in Resources */,
				D3A41AC91EC414680012D381 /* Main.storyboard in Resources */,
			);
			runOnlyForDeploymentPostprocessing = 0;
		};
/* End PBXResourcesBuildPhase section */

/* Begin PBXSourcesBuildPhase section */
		D3A41AB71EC414680012D381 /* Sources */ = {
			isa = PBXSourcesBuildPhase;
			buildActionMask = 2147483647;
			files = (
				D3A41AC61EC414680012D381 /* ViewController.m in Sources */,
				D3A41AC31EC414680012D381 /* AppDelegate.m in Sources */,
				D3A41AC01EC414680012D381 /* main.m in Sources */,
			);
			runOnlyForDeploymentPostprocessing = 0;
		};
/* End PBXSourcesBuildPhase section */

/* Begin PBXVariantGroup section */
		D3A41AC71EC414680012D381 /* Main.storyboard */ = {
			isa = PBXVariantGroup;
			children = (
				D3A41AC81EC414680012D381 /* Base */,
			);
			name = Main.storyboard;
			sourceTree = "<group>";
		};
		D3A41ACC1EC414680012D381 /* LaunchScreen.storyboard */ = {
			isa = PBXVariantGroup;
			children = (
				D3A41ACD1EC414680012D381 /* Base */,
			);
			name = LaunchScreen.storyboard;
			sourceTree = "<group>";
		};
/* End PBXVariantGroup section */

/* Begin XCBuildConfiguration section */
		D3A41AD01EC414680012D381 /* Debug */ = {
			isa = XCBuildConfiguration;
			buildSettings = {
				ALWAYS_SEARCH_USER_PATHS = NO;
				CLANG_ANALYZER_NONNULL = YES;
				CLANG_CXX_LANGUAGE_STANDARD = "gnu++0x";
				CLANG_CXX_LIBRARY = "libc++";
				CLANG_ENABLE_MODULES = YES;
				CLANG_ENABLE_OBJC_ARC = YES;
				CLANG_WARN_BOOL_CONVERSION = YES;
				CLANG_WARN_CONSTANT_CONVERSION = YES;
				CLANG_WARN_DIRECT_OBJC_ISA_USAGE = YES_ERROR;
				CLANG_WARN_DOCUMENTATION_COMMENTS = YES;
				CLANG_WARN_EMPTY_BODY = YES;
				CLANG_WARN_ENUM_CONVERSION = YES;
				CLANG_WARN_INFINITE_RECURSION = YES;
				CLANG_WARN_INT_CONVERSION = YES;
				CLANG_WARN_OBJC_ROOT_CLASS = YES_ERROR;
				CLANG_WARN_SUSPICIOUS_MOVE = YES;
				CLANG_WARN_UNREACHABLE_CODE = YES;
				CLANG_WARN__DUPLICATE_METHOD_MATCH = YES;
				"CODE_SIGN_IDENTITY[sdk=iphoneos*]" = "iPhone Developer";
				COPY_PHASE_STRIP = NO;
				DEBUG_INFORMATION_FORMAT = dwarf;
				ENABLE_STRICT_OBJC_MSGSEND = YES;
				ENABLE_TESTABILITY = YES;
				GCC_C_LANGUAGE_STANDARD = gnu99;
				GCC_DYNAMIC_NO_PIC = NO;
				GCC_NO_COMMON_BLOCKS = YES;
				GCC_OPTIMIZATION_LEVEL = 0;
				GCC_PREPROCESSOR_DEFINITIONS = (
					"DEBUG=1",
					"$(inherited)",
				);
				GCC_WARN_64_TO_32_BIT_CONVERSION = YES;
				GCC_WARN_ABOUT_RETURN_TYPE = YES_ERROR;
				GCC_WARN_UNDECLARED_SELECTOR = YES;
				GCC_WARN_UNINITIALIZED_AUTOS = YES_AGGRESSIVE;
				GCC_WARN_UNUSED_FUNCTION = YES;
				GCC_WARN_UNUSED_VARIABLE = YES;
				IPHONEOS_DEPLOYMENT_TARGET = 10.2;
				MTL_ENABLE_DEBUG_INFO = YES;
				ONLY_ACTIVE_ARCH = YES;
				SDKROOT = iphoneos;
			};
			name = Debug;
		};
		D3A41AD11EC414680012D381 /* Release */ = {
			isa = XCBuildConfiguration;
			buildSettings = {
				ALWAYS_SEARCH_USER_PATHS = NO;
				CLANG_ANALYZER_NONNULL = YES;
				CLANG_CXX_LANGUAGE_STANDARD = "gnu++0x";
				CLANG_CXX_LIBRARY = "libc++";
				CLANG_ENABLE_MODULES = YES;
				CLANG_ENABLE_OBJC_ARC = YES;
				CLANG_WARN_BOOL_CONVERSION = YES;
				CLANG_WARN_CONSTANT_CONVERSION = YES;
				CLANG_WARN_DIRECT_OBJC_ISA_USAGE = YES_ERROR;
				CLANG_WARN_DOCUMENTATION_COMMENTS = YES;
				CLANG_WARN_EMPTY_BODY = YES;
				CLANG_WARN_ENUM_CONVERSION = YES;
				CLANG_WARN_INFINITE_RECURSION = YES;
				CLANG_WARN_INT_CONVERSION = YES;
				CLANG_WARN_OBJC_ROOT_CLASS = YES_ERROR;
				CLANG_WARN_SUSPICIOUS_MOVE = YES;
				CLANG_WARN_UNREACHABLE_CODE = YES;
				CLANG_WARN__DUPLICATE_METHOD_MATCH = YES;
				"CODE_SIGN_IDENTITY[sdk=iphoneos*]" = "iPhone Developer";
				COPY_PHASE_STRIP = NO;
				DEBUG_INFORMATION_FORMAT = "dwarf-with-dsym";
				ENABLE_NS_ASSERTIONS = NO;
				ENABLE_STRICT_OBJC_MSGSEND = YES;
				GCC_C_LANGUAGE_STANDARD = gnu99;
				GCC_NO_COMMON_BLOCKS = YES;
				GCC_WARN_64_TO_32_BIT_CONVERSION = YES;
				GCC_WARN_ABOUT_RETURN_TYPE = YES_ERROR;
				GCC_WARN_UNDECLARED_SELECTOR = YES;
				GCC_WARN_UNINITIALIZED_AUTOS = YES_AGGRESSIVE;
				GCC_WARN_UNUSED_FUNCTION = YES;
				GCC_WARN_UNUSED_VARIABLE = YES;
				IPHONEOS_DEPLOYMENT_TARGET = 10.2;
				MTL_ENABLE_DEBUG_INFO = NO;
				SDKROOT = iphoneos;
				VALIDATE_PRODUCT = YES;
			};
			name = Release;
		};
		D3A41AD31EC414680012D381 /* Debug */ = {
			isa = XCBuildConfiguration;
			buildSettings = {
				ASSETCATALOG_COMPILER_APPICON_NAME = AppIcon;
				DEVELOPMENT_TEAM = W222R58V26;
				INFOPLIST_FILE = "TableView_TextView动态输入/Info.plist";
				LD_RUNPATH_SEARCH_PATHS = "$(inherited) @executable_path/Frameworks";
				PRODUCT_BUNDLE_IDENTIFIER = "com.lx.TableView-TextView----";
				PRODUCT_NAME = "$(TARGET_NAME)";
			};
			name = Debug;
		};
		D3A41AD41EC414680012D381 /* Release */ = {
			isa = XCBuildConfiguration;
			buildSettings = {
				ASSETCATALOG_COMPILER_APPICON_NAME = AppIcon;
				DEVELOPMENT_TEAM = W222R58V26;
				INFOPLIST_FILE = "TableView_TextView动态输入/Info.plist";
				LD_RUNPATH_SEARCH_PATHS = "$(inherited) @executable_path/Frameworks";
				PRODUCT_BUNDLE_IDENTIFIER = "com.lx.TableView-TextView----";
				PRODUCT_NAME = "$(TARGET_NAME)";
			};
			name = Release;
		};
/* End XCBuildConfiguration section */

/* Begin XCConfigurationList section */
		D3A41AB61EC414680012D381 /* Build configuration list for PBXProject "TableView_TextView动态输入" */ = {
			isa = XCConfigurationList;
			buildConfigurations = (
				D3A41AD01EC414680012D381 /* Debug */,
				D3A41AD11EC414680012D381 /* Release */,
			);
			defaultConfigurationIsVisible = 0;
			defaultConfigurationName = Release;
		};
		D3A41AD21EC414680012D381 /* Build configuration list for PBXNativeTarget "TableView_TextView动态输入" */ = {
			isa = XCConfigurationList;
			buildConfigurations = (
				D3A41AD31EC414680012D381 /* Debug */,
				D3A41AD41EC414680012D381 /* Release */,
			);
			defaultConfigurationIsVisible = 0;
		};
/* End XCConfigurationList section */
	};
	rootObject = D3A41AB31EC414680012D381 /* Project object */;
}
